
Microsoft Visual Studio Solution File, Format Version 12.00
# Visual Studio 15
VisualStudioVersion = 15.0.27428.2015
MinimumVisualStudioVersion = 10.0.40219.1
Project("{FAE04EC0-301F-11D3-BF4B-00C04F79EFBC}") = "DASLv2.Android", "DASLv2\DASLv2.Android\DASLv2.Android.csproj", "{806C9092-CA8D-471B-9F16-14AAA0F0698F}"
EndProject
Project("{FAE04EC0-301F-11D3-BF4B-00C04F79EFBC}") = "DASLv2.iOS", "DASLv2\DASLv2.iOS\DASLv2.iOS.csproj", "{54C962E9-0D88-4A0E-A630-7FF147435ED9}"
EndProject
Project("{FAE04EC0-301F-11D3-BF4B-00C04F79EFBC}") = "DASLv2.UWP", "DASLv2\DASLv2.UWP\DASLv2.UWP.csproj", "{21C17355-7427-4F60-86C1-D1432B1A98F6}"
EndProject
Project("{FAE04EC0-301F-11D3-BF4B-00C04F79EFBC}") = "DASLv2", "DASLv2\DASLv2\DASLv2.csproj", "{75352899-6AFA-41A9-97D4-5AB7A3395E81}"
EndProject
Global
	GlobalSection(SolutionConfigurationPlatforms) = preSolution
		Ad-Hoc|Any CPU = Ad-Hoc|Any CPU
		Ad-Hoc|ARM = Ad-Hoc|ARM
		Ad-Hoc|iPhone = Ad-Hoc|iPhone
		Ad-Hoc|iPhoneSimulator = Ad-Hoc|iPhoneSimulator
		Ad-Hoc|x64 = Ad-Hoc|x64
		Ad-Hoc|x86 = Ad-Hoc|x86
		AppStore|Any CPU = AppStore|Any CPU
		AppStore|ARM = AppStore|ARM
		AppStore|iPhone = AppStore|iPhone
		AppStore|iPhoneSimulator = AppStore|iPhoneSimulator
		AppStore|x64 = AppStore|x64
		AppStore|x86 = AppStore|x86
		Debug|Any CPU = Debug|Any CPU
		Debug|ARM = Debug|ARM
		Debug|iPhone = Debug|iPhone
		Debug|iPhoneSimulator = Debug|iPhoneSimulator
		Debug|x64 = Debug|x64
		Debug|x86 = Debug|x86
		Release|Any CPU = Release|Any CPU
		Release|ARM = Release|ARM
		Release|iPhone = Release|iPhone
		Release|iPhoneSimulator = Release|iPhoneSimulator
		Release|x64 = Release|x64
		Release|x86 = Release|x86
	EndGlobalSection
	GlobalSection(ProjectConfigurationPlatforms) = postSolution
		{806C9092-CA8D-471B-9F16-14AAA0F0698F}.Ad-Hoc|Any CPU.ActiveCfg = Release|Any CPU
		{806C9092-CA8D-471B-9F16-14AAA0F0698F}.Ad-Hoc|Any CPU.Build.0 = Release|Any CPU
		{806C9092-CA8D-471B-9F16-14AAA0F0698F}.Ad-Hoc|Any CPU.Deploy.0 = Release|Any CPU
		{806C9092-CA8D-471B-9F16-14AAA0F0698F}.Ad-Hoc|ARM.ActiveCfg = Release|Any CPU
		{806C9092-CA8D-471B-9F16-14AAA0F0698F}.Ad-Hoc|ARM.Build.0 = Release|Any CPU
		{806C9092-CA8D-471B-9F16-14AAA0F0698F}.Ad-Hoc|ARM.Deploy.0 = Release|Any CPU
		{806C9092-CA8D-471B-9F16-14AAA0F0698F}.Ad-Hoc|iPhone.ActiveCfg = Release|Any CPU
		{806C9092-CA8D-471B-9F16-14AAA0F0698F}.Ad-Hoc|iPhone.Build.0 = Release|Any CPU
		{806C9092-CA8D-471B-9F16-14AAA0F0698F}.Ad-Hoc|iPhone.Deploy.0 = Release|Any CPU
		{806C9092-CA8D-471B-9F16-14AAA0F0698F}.Ad-Hoc|iPhoneSimulator.ActiveCfg = Release|Any CPU
		{806C9092-CA8D-471B-9F16-14AAA0F0698F}.Ad-Hoc|iPhoneSimulator.Build.0 = Release|Any CPU
		{806C9092-CA8D-471B-9F16-14AAA0F0698F}.Ad-Hoc|iPhoneSimulator.Deploy.0 = Release|Any CPU
		{806C9092-CA8D-471B-9F16-14AAA0F0698F}.Ad-Hoc|x64.ActiveCfg = Release|Any CPU
		{806C9092-CA8D-471B-9F16-14AAA0F0698F}.Ad-Hoc|x64.Build.0 = Release|Any CPU
		{806C9092-CA8D-471B-9F16-14AAA0F0698F}.Ad-Hoc|x64.Deploy.0 = Release|Any CPU
		{806C9092-CA8D-471B-9F16-14AAA0F0698F}.Ad-Hoc|x86.ActiveCfg = Release|Any CPU
		{806C9092-CA8D-471B-9F16-14AAA0F0698F}.Ad-Hoc|x86.Build.0 = Release|Any CPU
		{806C9092-CA8D-471B-9F16-14AAA0F0698F}.Ad-Hoc|x86.Deploy.0 = Release|Any CPU
		{806C9092-CA8D-471B-9F16-14AAA0F0698F}.AppStore|Any CPU.ActiveCfg = Release|Any CPU
		{806C9092-CA8D-471B-9F16-14AAA0F0698F}.AppStore|Any CPU.Build.0 = Release|Any CPU
		{806C9092-CA8D-471B-9F16-14AAA0F0698F}.AppStore|Any CPU.Deploy.0 = Release|Any CPU
		{806C9092-CA8D-471B-9F16-14AAA0F0698F}.AppStore|ARM.ActiveCfg = Release|Any CPU
		{806C9092-CA8D-471B-9F16-14AAA0F0698F}.AppStore|ARM.Build.0 = Release|Any CPU
		{806C9092-CA8D-471B-9F16-14AAA0F0698F}.AppStore|ARM.Deploy.0 = Release|Any CPU
		{806C9092-CA8D-471B-9F16-14AAA0F0698F}.AppStore|iPhone.ActiveCfg = Release|Any CPU
		{806C9092-CA8D-471B-9F16-14AAA0F0698F}.AppStore|iPhone.Build.0 = Release|Any CPU
		{806C9092-CA8D-471B-9F16-14AAA0F0698F}.AppStore|iPhone.Deploy.0 = Release|Any CPU
		{806C9092-CA8D-471B-9F16-14AAA0F0698F}.AppStore|iPhoneSimulator.ActiveCfg = Release|Any CPU
		{806C9092-CA8D-471B-9F16-14AAA0F0698F}.AppStore|iPhoneSimulator.Build.0 = Release|Any CPU
		{806C9092-CA8D-471B-9F16-14AAA0F0698F}.AppStore|iPhoneSimulator.Deploy.0 = Release|Any CPU
		{806C9092-CA8D-471B-9F16-14AAA0F0698F}.AppStore|x64.ActiveCfg = Release|Any CPU
		{806C9092-CA8D-471B-9F16-14AAA0F0698F}.AppStore|x64.Build.0 = Release|Any CPU
		{806C9092-CA8D-471B-9F16-14AAA0F0698F}.AppStore|x64.Deploy.0 = Release|Any CPU
		{806C9092-CA8D-471B-9F16-14AAA0F0698F}.AppStore|x86.ActiveCfg = Release|Any CPU
		{806C9092-CA8D-471B-9F16-14AAA0F0698F}.AppStore|x86.Build.0 = Release|Any CPU
		{806C9092-CA8D-471B-9F16-14AAA0F0698F}.AppStore|x86.Deploy.0 = Release|Any CPU
		{806C9092-CA8D-471B-9F16-14AAA0F0698F}.Debug|Any CPU.ActiveCfg = Debug|Any CPU
		{806C9092-CA8D-471B-9F16-14AAA0F0698F}.Debug|Any CPU.Build.0 = Debug|Any CPU
		{806C9092-CA8D-471B-9F16-14AAA0F0698F}.Debug|Any CPU.Deploy.0 = Debug|Any CPU
		{806C9092-CA8D-471B-9F16-14AAA0F0698F}.Debug|ARM.ActiveCfg = Debug|Any CPU
		{806C9092-CA8D-471B-9F16-14AAA0F0698F}.Debug|ARM.Build.0 = Debug|Any CPU
		{806C9092-CA8D-471B-9F16-14AAA0F0698F}.Debug|ARM.Deploy.0 = Debug|Any CPU
		{806C9092-CA8D-471B-9F16-14AAA0F0698F}.Debug|iPhone.ActiveCfg = Debug|Any CPU
		{806C9092-CA8D-471B-9F16-14AAA0F0698F}.Debug|iPhone.Build.0 = Debug|Any CPU
		{806C9092-CA8D-471B-9F16-14AAA0F0698F}.Debug|iPhone.Deploy.0 = Debug|Any CPU
		{806C9092-CA8D-471B-9F16-14AAA0F0698F}.Debug|iPhoneSimulator.ActiveCfg = Debug|Any CPU
		{806C9092-CA8D-471B-9F16-14AAA0F0698F}.Debug|iPhoneSimulator.Build.0 = Debug|Any CPU
		{806C9092-CA8D-471B-9F16-14AAA0F0698F}.Debug|iPhoneSimulator.Deploy.0 = Debug|Any CPU
		{806C9092-CA8D-471B-9F16-14AAA0F0698F}.Debug|x64.ActiveCfg = Debug|Any CPU
		{806C9092-CA8D-471B-9F16-14AAA0F0698F}.Debug|x64.Build.0 = Debug|Any CPU
		{806C9092-CA8D-471B-9F16-14AAA0F0698F}.Debug|x64.Deploy.0 = Debug|Any CPU
		{806C9092-CA8D-471B-9F16-14AAA0F0698F}.Debug|x86.ActiveCfg = Debug|Any CPU
		{806C9092-CA8D-471B-9F16-14AAA0F0698F}.Debug|x86.Build.0 = Debug|Any CPU
		{806C9092-CA8D-471B-9F16-14AAA0F0698F}.Debug|x86.Deploy.0 = Debug|Any CPU
		{806C9092-CA8D-471B-9F16-14AAA0F0698F}.Release|Any CPU.ActiveCfg = Release|Any CPU
		{806C9092-CA8D-471B-9F16-14AAA0F0698F}.Release|Any CPU.Build.0 = Release|Any CPU
		{806C9092-CA8D-471B-9F16-14AAA0F0698F}.Release|Any CPU.Deploy.0 = Release|Any CPU
		{806C9092-CA8D-471B-9F16-14AAA0F0698F}.Release|ARM.ActiveCfg = Release|Any CPU
		{806C9092-CA8D-471B-9F16-14AAA0F0698F}.Release|ARM.Build.0 = Release|Any CPU
		{806C9092-CA8D-471B-9F16-14AAA0F0698F}.Release|ARM.Deploy.0 = Release|Any CPU
		{806C9092-CA8D-471B-9F16-14AAA0F0698F}.Release|iPhone.ActiveCfg = Release|Any CPU
		{806C9092-CA8D-471B-9F16-14AAA0F0698F}.Release|iPhone.Build.0 = Release|Any CPU
		{806C9092-CA8D-471B-9F16-14AAA0F0698F}.Release|iPhone.Deploy.0 = Release|Any CPU
		{806C9092-CA8D-471B-9F16-14AAA0F0698F}.Release|iPhoneSimulator.ActiveCfg = Release|Any CPU
		{806C9092-CA8D-471B-9F16-14AAA0F0698F}.Release|iPhoneSimulator.Build.0 = Release|Any CPU
		{806C9092-CA8D-471B-9F16-14AAA0F0698F}.Release|iPhoneSimulator.Deploy.0 = Release|Any CPU
		{806C9092-CA8D-471B-9F16-14AAA0F0698F}.Release|x64.ActiveCfg = Release|Any CPU
		{806C9092-CA8D-471B-9F16-14AAA0F0698F}.Release|x64.Build.0 = Release|Any CPU
		{806C9092-CA8D-471B-9F16-14AAA0F0698F}.Release|x64.Deploy.0 = Release|Any CPU
		{806C9092-CA8D-471B-9F16-14AAA0F0698F}.Release|x86.ActiveCfg = Release|Any CPU
		{806C9092-CA8D-471B-9F16-14AAA0F0698F}.Release|x86.Build.0 = Release|Any CPU
		{806C9092-CA8D-471B-9F16-14AAA0F0698F}.Release|x86.Deploy.0 = Release|Any CPU
		{54C962E9-0D88-4A0E-A630-7FF147435ED9}.Ad-Hoc|Any CPU.ActiveCfg = Ad-Hoc|iPhone
		{54C962E9-0D88-4A0E-A630-7FF147435ED9}.Ad-Hoc|ARM.ActiveCfg = Ad-Hoc|iPhone
		{54C962E9-0D88-4A0E-A630-7FF147435ED9}.Ad-Hoc|iPhone.ActiveCfg = Ad-Hoc|iPhone
		{54C962E9-0D88-4A0E-A630-7FF147435ED9}.Ad-Hoc|iPhone.Build.0 = Ad-Hoc|iPhone
		{54C962E9-0D88-4A0E-A630-7FF147435ED9}.Ad-Hoc|iPhoneSimulator.ActiveCfg = Ad-Hoc|iPhoneSimulator
		{54C962E9-0D88-4A0E-A630-7FF147435ED9}.Ad-Hoc|iPhoneSimulator.Build.0 = Ad-Hoc|iPhoneSimulator
		{54C962E9-0D88-4A0E-A630-7FF147435ED9}.Ad-Hoc|x64.ActiveCfg = Ad-Hoc|iPhone
		{54C962E9-0D88-4A0E-A630-7FF147435ED9}.Ad-Hoc|x86.ActiveCfg = Ad-Hoc|iPhone
		{54C962E9-0D88-4A0E-A630-7FF147435ED9}.AppStore|Any CPU.ActiveCfg = AppStore|iPhone
		{54C962E9-0D88-4A0E-A630-7FF147435ED9}.AppStore|ARM.ActiveCfg = AppStore|iPhone
		{54C962E9-0D88-4A0E-A630-7FF147435ED9}.AppStore|iPhone.ActiveCfg = AppStore|iPhone
		{54C962E9-0D88-4A0E-A630-7FF147435ED9}.AppStore|iPhone.Build.0 = AppStore|iPhone
		{54C962E9-0D88-4A0E-A630-7FF147435ED9}.AppStore|iPhoneSimulator.ActiveCfg = AppStore|iPhoneSimulator
		{54C962E9-0D88-4A0E-A630-7FF147435ED9}.AppStore|iPhoneSimulator.Build.0 = AppStore|iPhoneSimulator
		{54C962E9-0D88-4A0E-A630-7FF147435ED9}.AppStore|x64.ActiveCfg = AppStore|iPhone
		{54C962E9-0D88-4A0E-A630-7FF147435ED9}.AppStore|x86.ActiveCfg = AppStore|iPhone
		{54C962E9-0D88-4A0E-A630-7FF147435ED9}.Debug|Any CPU.ActiveCfg = Debug|iPhone
		{54C962E9-0D88-4A0E-A630-7FF147435ED9}.Debug|ARM.ActiveCfg = Debug|iPhone
		{54C962E9-0D88-4A0E-A630-7FF147435ED9}.Debug|iPhone.ActiveCfg = Debug|iPhone
		{54C962E9-0D88-4A0E-A630-7FF147435ED9}.Debug|iPhone.Build.0 = Debug|iPhone
		{54C962E9-0D88-4A0E-A630-7FF147435ED9}.Debug|iPhoneSimulator.ActiveCfg = Debug|iPhoneSimulator
		{54C962E9-0D88-4A0E-A630-7FF147435ED9}.Debug|iPhoneSimulator.Build.0 = Debug|iPhoneSimulator
		{54C962E9-0D88-4A0E-A630-7FF147435ED9}.Debug|x64.ActiveCfg = Debug|iPhone
		{54C962E9-0D88-4A0E-A630-7FF147435ED9}.Debug|x86.ActiveCfg = Debug|iPhone
		{54C962E9-0D88-4A0E-A630-7FF147435ED9}.Release|Any CPU.ActiveCfg = Release|iPhone
		{54C962E9-0D88-4A0E-A630-7FF147435ED9}.Release|ARM.ActiveCfg = Release|iPhone
		{54C962E9-0D88-4A0E-A630-7FF147435ED9}.Release|iPhone.ActiveCfg = Release|iPhone
		{54C962E9-0D88-4A0E-A630-7FF147435ED9}.Release|iPhone.Build.0 = Release|iPhone
		{54C962E9-0D88-4A0E-A630-7FF147435ED9}.Release|iPhoneSimulator.ActiveCfg = Release|iPhoneSimulator
		{54C962E9-0D88-4A0E-A630-7FF147435ED9}.Release|iPhoneSimulator.Build.0 = Release|iPhoneSimulator
		{54C962E9-0D88-4A0E-A630-7FF147435ED9}.Release|x64.ActiveCfg = Release|iPhone
		{54C962E9-0D88-4A0E-A630-7FF147435ED9}.Release|x86.ActiveCfg = Release|iPhone
		{21C17355-7427-4F60-86C1-D1432B1A98F6}.Ad-Hoc|Any CPU.ActiveCfg = Release|x86
		{21C17355-7427-4F60-86C1-D1432B1A98F6}.Ad-Hoc|Any CPU.Build.0 = Release|x86
		{21C17355-7427-4F60-86C1-D1432B1A98F6}.Ad-Hoc|Any CPU.Deploy.0 = Release|x86
		{21C17355-7427-4F60-86C1-D1432B1A98F6}.Ad-Hoc|ARM.ActiveCfg = Release|ARM
		{21C17355-7427-4F60-86C1-D1432B1A98F6}.Ad-Hoc|ARM.Build.0 = Release|ARM
		{21C17355-7427-4F60-86C1-D1432B1A98F6}.Ad-Hoc|ARM.Deploy.0 = Release|ARM
		{21C17355-7427-4F60-86C1-D1432B1A98F6}.Ad-Hoc|iPhone.ActiveCfg = Release|x86
		{21C17355-7427-4F60-86C1-D1432B1A98F6}.Ad-Hoc|iPhone.Build.0 = Release|x86
		{21C17355-7427-4F60-86C1-D1432B1A98F6}.Ad-Hoc|iPhone.Deploy.0 = Release|x86
		{21C17355-7427-4F60-86C1-D1432B1A98F6}.Ad-Hoc|iPhoneSimulator.ActiveCfg = Release|x86
		{21C17355-7427-4F60-86C1-D1432B1A98F6}.Ad-Hoc|iPhoneSimulator.Build.0 = Release|x86
		{21C17355-7427-4F60-86C1-D1432B1A98F6}.Ad-Hoc|iPhoneSimulator.Deploy.0 = Release|x86
		{21C17355-7427-4F60-86C1-D1432B1A98F6}.Ad-Hoc|x64.ActiveCfg = Release|x64
		{21C17355-7427-4F60-86C1-D1432B1A98F6}.Ad-Hoc|x64.Build.0 = Release|x64
		{21C17355-7427-4F60-86C1-D1432B1A98F6}.Ad-Hoc|x64.Deploy.0 = Release|x64
		{21C17355-7427-4F60-86C1-D1432B1A98F6}.Ad-Hoc|x86.ActiveCfg = Release|x86
		{21C17355-7427-4F60-86C1-D1432B1A98F6}.Ad-Hoc|x86.Build.0 = Release|x86
		{21C17355-7427-4F60-86C1-D1432B1A98F6}.Ad-Hoc|x86.Deploy.0 = Release|x86
		{21C17355-7427-4F60-86C1-D1432B1A98F6}.AppStore|Any CPU.ActiveCfg = Release|x86
		{21C17355-7427-4F60-86C1-D1432B1A98F6}.AppStore|Any CPU.Build.0 = Release|x86
		{21C17355-7427-4F60-86C1-D1432B1A98F6}.AppStore|Any CPU.Deploy.0 = Release|x86
		{21C17355-7427-4F60-86C1-D1432B1A98F6}.AppStore|ARM.ActiveCfg = Release|ARM
		{21C17355-7427-4F60-86C1-D1432B1A98F6}.AppStore|ARM.Build.0 = Release|ARM
		{21C17355-7427-4F60-86C1-D1432B1A98F6}.AppStore|ARM.Deploy.0 = Release|ARM
		{21C17355-7427-4F60-86C1-D1432B1A98F6}.AppStore|iPhone.ActiveCfg = Release|x86
		{21C17355-7427-4F60-86C1-D1432B1A98F6}.AppStore|iPhone.Build.0 = Release|x86
		{21C17355-7427-4F60-86C1-D1432B1A98F6}.AppStore|iPhone.Deploy.0 = Release|x86
		{21C17355-7427-4F60-86C1-D1432B1A98F6}.AppStore|iPhoneSimulator.ActiveCfg = Release|x86
		{21C17355-7427-4F60-86C1-D1432B1A98F6}.AppStore|iPhoneSimulator.Build.0 = Release|x86
		{21C17355-7427-4F60-86C1-D1432B1A98F6}.AppStore|iPhoneSimulator.Deploy.0 = Release|x86
		{21C17355-7427-4F60-86C1-D1432B1A98F6}.AppStore|x64.ActiveCfg = Release|x64
		{21C17355-7427-4F60-86C1-D1432B1A98F6}.AppStore|x64.Build.0 = Release|x64
		{21C17355-7427-4F60-86C1-D1432B1A98F6}.AppStore|x64.Deploy.0 = Release|x64
		{21C17355-7427-4F60-86C1-D1432B1A98F6}.AppStore|x86.ActiveCfg = Release|x86
		{21C17355-7427-4F60-86C1-D1432B1A98F6}.AppStore|x86.Build.0 = Release|x86
		{21C17355-7427-4F60-86C1-D1432B1A98F6}.AppStore|x86.Deploy.0 = Release|x86
		{21C17355-7427-4F60-86C1-D1432B1A98F6}.Debug|Any CPU.ActiveCfg = Debug|x86
		{21C17355-7427-4F60-86C1-D1432B1A98F6}.Debug|ARM.ActiveCfg = Debug|ARM
		{21C17355-7427-4F60-86C1-D1432B1A98F6}.Debug|ARM.Build.0 = Debug|ARM
		{21C17355-7427-4F60-86C1-D1432B1A98F6}.Debug|ARM.Deploy.0 = Debug|ARM
		{21C17355-7427-4F60-86C1-D1432B1A98F6}.Debug|iPhone.ActiveCfg = Debug|x86
		{21C17355-7427-4F60-86C1-D1432B1A98F6}.Debug|iPhoneSimulator.ActiveCfg = Debug|x86
		{21C17355-7427-4F60-86C1-D1432B1A98F6}.Debug|x64.ActiveCfg = Debug|x64
		{21C17355-7427-4F60-86C1-D1432B1A98F6}.Debug|x64.Build.0 = Debug|x64
		{21C17355-7427-4F60-86C1-D1432B1A98F6}.Debug|x64.Deploy.0 = Debug|x64
		{21C17355-7427-4F60-86C1-D1432B1A98F6}.Debug|x86.ActiveCfg = Debug|x86
		{21C17355-7427-4F60-86C1-D1432B1A98F6}.Debug|x86.Build.0 = Debug|x86
		{21C17355-7427-4F60-86C1-D1432B1A98F6}.Debug|x86.Deploy.0 = Debug|x86
		{21C17355-7427-4F60-86C1-D1432B1A98F6}.Release|Any CPU.ActiveCfg = Release|x86
		{21C17355-7427-4F60-86C1-D1432B1A98F6}.Release|ARM.ActiveCfg = Release|ARM
		{21C17355-7427-4F60-86C1-D1432B1A98F6}.Release|ARM.Build.0 = Release|ARM
		{21C17355-7427-4F60-86C1-D1432B1A98F6}.Release|ARM.Deploy.0 = Release|ARM
		{21C17355-7427-4F60-86C1-D1432B1A98F6}.Release|iPhone.ActiveCfg = Release|x86
		{21C17355-7427-4F60-86C1-D1432B1A98F6}.Release|iPhoneSimulator.ActiveCfg = Release|x86
		{21C17355-7427-4F60-86C1-D1432B1A98F6}.Release|x64.ActiveCfg = Release|x64
		{21C17355-7427-4F60-86C1-D1432B1A98F6}.Release|x64.Build.0 = Release|x64
		{21C17355-7427-4F60-86C1-D1432B1A98F6}.Release|x64.Deploy.0 = Release|x64
		{21C17355-7427-4F60-86C1-D1432B1A98F6}.Release|x86.ActiveCfg = Release|x86
		{21C17355-7427-4F60-86C1-D1432B1A98F6}.Release|x86.Build.0 = Release|x86
		{21C17355-7427-4F60-86C1-D1432B1A98F6}.Release|x86.Deploy.0 = Release|x86
		{75352899-6AFA-41A9-97D4-5AB7A3395E81}.Ad-Hoc|Any CPU.ActiveCfg = Debug|Any CPU
		{75352899-6AFA-41A9-97D4-5AB7A3395E81}.Ad-Hoc|Any CPU.Build.0 = Debug|Any CPU
		{75352899-6AFA-41A9-97D4-5AB7A3395E81}.Ad-Hoc|ARM.ActiveCfg = Debug|Any CPU
		{75352899-6AFA-41A9-97D4-5AB7A3395E81}.Ad-Hoc|ARM.Build.0 = Debug|Any CPU
		{75352899-6AFA-41A9-97D4-5AB7A3395E81}.Ad-Hoc|iPhone.ActiveCfg = Debug|Any CPU
		{75352899-6AFA-41A9-97D4-5AB7A3395E81}.Ad-Hoc|iPhone.Build.0 = Debug|Any CPU
		{75352899-6AFA-41A9-97D4-5AB7A3395E81}.Ad-Hoc|iPhoneSimulator.ActiveCfg = Debug|Any CPU
		{75352899-6AFA-41A9-97D4-5AB7A3395E81}.Ad-Hoc|iPhoneSimulator.Build.0 = Debug|Any CPU
		{75352899-6AFA-41A9-97D4-5AB7A3395E81}.Ad-Hoc|x64.ActiveCfg = Debug|Any CPU
		{75352899-6AFA-41A9-97D4-5AB7A3395E81}.Ad-Hoc|x64.Build.0 = Debug|Any CPU
		{75352899-6AFA-41A9-97D4-5AB7A3395E81}.Ad-Hoc|x86.ActiveCfg = Debug|Any CPU
		{75352899-6AFA-41A9-97D4-5AB7A3395E81}.Ad-Hoc|x86.Build.0 = Debug|Any CPU
		{75352899-6AFA-41A9-97D4-5AB7A3395E81}.AppStore|Any CPU.ActiveCfg = Debug|Any CPU
		{75352899-6AFA-41A9-97D4-5AB7A3395E81}.AppStore|Any CPU.Build.0 = Debug|Any CPU
		{75352899-6AFA-41A9-97D4-5AB7A3395E81}.AppStore|ARM.ActiveCfg = Debug|Any CPU
		{75352899-6AFA-41A9-97D4-5AB7A3395E81}.AppStore|ARM.Build.0 = Debug|Any CPU
		{75352899-6AFA-41A9-97D4-5AB7A3395E81}.AppStore|iPhone.ActiveCfg = Debug|Any CPU
		{75352899-6AFA-41A9-97D4-5AB7A3395E81}.AppStore|iPhone.Build.0 = Debug|Any CPU
		{75352899-6AFA-41A9-97D4-5AB7A3395E81}.AppStore|iPhoneSimulator.ActiveCfg = Debug|Any CPU
		{75352899-6AFA-41A9-97D4-5AB7A3395E81}.AppStore|iPhoneSimulator.Build.0 = Debug|Any CPU
		{75352899-6AFA-41A9-97D4-5AB7A3395E81}.AppStore|x64.ActiveCfg = Debug|Any CPU
		{75352899-6AFA-41A9-97D4-5AB7A3395E81}.AppStore|x64.Build.0 = Debug|Any CPU
		{75352899-6AFA-41A9-97D4-5AB7A3395E81}.AppStore|x86.ActiveCfg = Debug|Any CPU
		{75352899-6AFA-41A9-97D4-5AB7A3395E81}.AppStore|x86.Build.0 = Debug|Any CPU
		{75352899-6AFA-41A9-97D4-5AB7A3395E81}.Debug|Any CPU.ActiveCfg = Debug|Any CPU
		{75352899-6AFA-41A9-97D4-5AB7A3395E81}.Debug|Any CPU.Build.0 = Debug|Any CPU
		{75352899-6AFA-41A9-97D4-5AB7A3395E81}.Debug|ARM.ActiveCfg = Debug|Any CPU
		{75352899-6AFA-41A9-97D4-5AB7A3395E81}.Debug|ARM.Build.0 = Debug|Any CPU
		{75352899-6AFA-41A9-97D4-5AB7A3395E81}.Debug|iPhone.ActiveCfg = Debug|Any CPU
		{75352899-6AFA-41A9-97D4-5AB7A3395E81}.Debug|iPhone.Build.0 = Debug|Any CPU
		{75352899-6AFA-41A9-97D4-5AB7A3395E81}.Debug|iPhoneSimulator.ActiveCfg = Debug|Any CPU
		{75352899-6AFA-41A9-97D4-5AB7A3395E81}.Debug|iPhoneSimulator.Build.0 = Debug|Any CPU
		{75352899-6AFA-41A9-97D4-5AB7A3395E81}.Debug|x64.ActiveCfg = Debug|Any CPU
		{75352899-6AFA-41A9-97D4-5AB7A3395E81}.Debug|x64.Build.0 = Debug|Any CPU
		{75352899-6AFA-41A9-97D4-5AB7A3395E81}.Debug|x86.ActiveCfg = Debug|Any CPU
		{75352899-6AFA-41A9-97D4-5AB7A3395E81}.Debug|x86.Build.0 = Debug|Any CPU
		{75352899-6AFA-41A9-97D4-5AB7A3395E81}.Release|Any CPU.ActiveCfg = Release|Any CPU
		{75352899-6AFA-41A9-97D4-5AB7A3395E81}.Release|Any CPU.Build.0 = Release|Any CPU
		{75352899-6AFA-41A9-97D4-5AB7A3395E81}.Release|ARM.ActiveCfg = Release|Any CPU
		{75352899-6AFA-41A9-97D4-5AB7A3395E81}.Release|ARM.Build.0 = Release|Any CPU
		{75352899-6AFA-41A9-97D4-5AB7A3395E81}.Release|iPhone.ActiveCfg = Release|Any CPU
		{75352899-6AFA-41A9-97D4-5AB7A3395E81}.Release|iPhone.Build.0 = Release|Any CPU
		{75352899-6AFA-41A9-97D4-5AB7A3395E81}.Release|iPhoneSimulator.ActiveCfg = Release|Any CPU
		{75352899-6AFA-41A9-97D4-5AB7A3395E81}.Release|iPhoneSimulator.Build.0 = Release|Any CPU
		{75352899-6AFA-41A9-97D4-5AB7A3395E81}.Release|x64.ActiveCfg = Release|Any CPU
		{75352899-6AFA-41A9-97D4-5AB7A3395E81}.Release|x64.Build.0 = Release|Any CPU
		{75352899-6AFA-41A9-97D4-5AB7A3395E81}.Release|x86.ActiveCfg = Release|Any CPU
		{75352899-6AFA-41A9-97D4-5AB7A3395E81}.Release|x86.Build.0 = Release|Any CPU
	EndGlobalSection
	GlobalSection(SolutionProperties) = preSolution
		HideSolutionNode = FALSE
	EndGlobalSection
	GlobalSection(ExtensibilityGlobals) = postSolution
		SolutionGuid = {01358C59-6FF0-4406-8C56-3925859B4883}
	EndGlobalSection
EndGlobal
