
Microsoft Visual Studio Solution File, Format Version 12.00
# Visual Studio 15
VisualStudioVersion = 15.0.27428.2015
MinimumVisualStudioVersion = 10.0.40219.1
Project("{FAE04EC0-301F-11D3-BF4B-00C04F79EFBC}") = "Phoneword.Android", "Phoneword\Phoneword.Android\Phoneword.Android.csproj", "{E6208480-372C-456B-A026-8FD61FA1991C}"
EndProject
Project("{FAE04EC0-301F-11D3-BF4B-00C04F79EFBC}") = "Phoneword.iOS", "Phoneword\Phoneword.iOS\Phoneword.iOS.csproj", "{00BF0E15-7D4D-4691-A685-CCF90C0D7426}"
EndProject
Project("{FAE04EC0-301F-11D3-BF4B-00C04F79EFBC}") = "Phoneword.UWP", "Phoneword\Phoneword.UWP\Phoneword.UWP.csproj", "{1D13DD00-154C-4DEF-AC71-57F5D57490E8}"
EndProject
Project("{FAE04EC0-301F-11D3-BF4B-00C04F79EFBC}") = "Phoneword", "Phoneword\Phoneword\Phoneword.csproj", "{34B33984-19FA-4A84-B554-3FBAD1938BDE}"
EndProject
Global
	GlobalSection(SolutionConfigurationPlatforms) = preSolution
		Ad-Hoc|Any CPU = Ad-Hoc|Any CPU
		Ad-Hoc|ARM = Ad-Hoc|ARM
		Ad-Hoc|iPhone = Ad-Hoc|iPhone
		Ad-Hoc|iPhoneSimulator = Ad-Hoc|iPhoneSimulator
		Ad-Hoc|x64 = Ad-Hoc|x64
		Ad-Hoc|x86 = Ad-Hoc|x86
		AppStore|Any CPU = AppStore|Any CPU
		AppStore|ARM = AppStore|ARM
		AppStore|iPhone = AppStore|iPhone
		AppStore|iPhoneSimulator = AppStore|iPhoneSimulator
		AppStore|x64 = AppStore|x64
		AppStore|x86 = AppStore|x86
		Debug|Any CPU = Debug|Any CPU
		Debug|ARM = Debug|ARM
		Debug|iPhone = Debug|iPhone
		Debug|iPhoneSimulator = Debug|iPhoneSimulator
		Debug|x64 = Debug|x64
		Debug|x86 = Debug|x86
		Release|Any CPU = Release|Any CPU
		Release|ARM = Release|ARM
		Release|iPhone = Release|iPhone
		Release|iPhoneSimulator = Release|iPhoneSimulator
		Release|x64 = Release|x64
		Release|x86 = Release|x86
	EndGlobalSection
	GlobalSection(ProjectConfigurationPlatforms) = postSolution
		{E6208480-372C-456B-A026-8FD61FA1991C}.Ad-Hoc|Any CPU.ActiveCfg = Release|Any CPU
		{E6208480-372C-456B-A026-8FD61FA1991C}.Ad-Hoc|Any CPU.Build.0 = Release|Any CPU
		{E6208480-372C-456B-A026-8FD61FA1991C}.Ad-Hoc|Any CPU.Deploy.0 = Release|Any CPU
		{E6208480-372C-456B-A026-8FD61FA1991C}.Ad-Hoc|ARM.ActiveCfg = Release|Any CPU
		{E6208480-372C-456B-A026-8FD61FA1991C}.Ad-Hoc|ARM.Build.0 = Release|Any CPU
		{E6208480-372C-456B-A026-8FD61FA1991C}.Ad-Hoc|ARM.Deploy.0 = Release|Any CPU
		{E6208480-372C-456B-A026-8FD61FA1991C}.Ad-Hoc|iPhone.ActiveCfg = Release|Any CPU
		{E6208480-372C-456B-A026-8FD61FA1991C}.Ad-Hoc|iPhone.Build.0 = Release|Any CPU
		{E6208480-372C-456B-A026-8FD61FA1991C}.Ad-Hoc|iPhone.Deploy.0 = Release|Any CPU
		{E6208480-372C-456B-A026-8FD61FA1991C}.Ad-Hoc|iPhoneSimulator.ActiveCfg = Release|Any CPU
		{E6208480-372C-456B-A026-8FD61FA1991C}.Ad-Hoc|iPhoneSimulator.Build.0 = Release|Any CPU
		{E6208480-372C-456B-A026-8FD61FA1991C}.Ad-Hoc|iPhoneSimulator.Deploy.0 = Release|Any CPU
		{E6208480-372C-456B-A026-8FD61FA1991C}.Ad-Hoc|x64.ActiveCfg = Release|Any CPU
		{E6208480-372C-456B-A026-8FD61FA1991C}.Ad-Hoc|x64.Build.0 = Release|Any CPU
		{E6208480-372C-456B-A026-8FD61FA1991C}.Ad-Hoc|x64.Deploy.0 = Release|Any CPU
		{E6208480-372C-456B-A026-8FD61FA1991C}.Ad-Hoc|x86.ActiveCfg = Release|Any CPU
		{E6208480-372C-456B-A026-8FD61FA1991C}.Ad-Hoc|x86.Build.0 = Release|Any CPU
		{E6208480-372C-456B-A026-8FD61FA1991C}.Ad-Hoc|x86.Deploy.0 = Release|Any CPU
		{E6208480-372C-456B-A026-8FD61FA1991C}.AppStore|Any CPU.ActiveCfg = Release|Any CPU
		{E6208480-372C-456B-A026-8FD61FA1991C}.AppStore|Any CPU.Build.0 = Release|Any CPU
		{E6208480-372C-456B-A026-8FD61FA1991C}.AppStore|Any CPU.Deploy.0 = Release|Any CPU
		{E6208480-372C-456B-A026-8FD61FA1991C}.AppStore|ARM.ActiveCfg = Release|Any CPU
		{E6208480-372C-456B-A026-8FD61FA1991C}.AppStore|ARM.Build.0 = Release|Any CPU
		{E6208480-372C-456B-A026-8FD61FA1991C}.AppStore|ARM.Deploy.0 = Release|Any CPU
		{E6208480-372C-456B-A026-8FD61FA1991C}.AppStore|iPhone.ActiveCfg = Release|Any CPU
		{E6208480-372C-456B-A026-8FD61FA1991C}.AppStore|iPhone.Build.0 = Release|Any CPU
		{E6208480-372C-456B-A026-8FD61FA1991C}.AppStore|iPhone.Deploy.0 = Release|Any CPU
		{E6208480-372C-456B-A026-8FD61FA1991C}.AppStore|iPhoneSimulator.ActiveCfg = Release|Any CPU
		{E6208480-372C-456B-A026-8FD61FA1991C}.AppStore|iPhoneSimulator.Build.0 = Release|Any CPU
		{E6208480-372C-456B-A026-8FD61FA1991C}.AppStore|iPhoneSimulator.Deploy.0 = Release|Any CPU
		{E6208480-372C-456B-A026-8FD61FA1991C}.AppStore|x64.ActiveCfg = Release|Any CPU
		{E6208480-372C-456B-A026-8FD61FA1991C}.AppStore|x64.Build.0 = Release|Any CPU
		{E6208480-372C-456B-A026-8FD61FA1991C}.AppStore|x64.Deploy.0 = Release|Any CPU
		{E6208480-372C-456B-A026-8FD61FA1991C}.AppStore|x86.ActiveCfg = Release|Any CPU
		{E6208480-372C-456B-A026-8FD61FA1991C}.AppStore|x86.Build.0 = Release|Any CPU
		{E6208480-372C-456B-A026-8FD61FA1991C}.AppStore|x86.Deploy.0 = Release|Any CPU
		{E6208480-372C-456B-A026-8FD61FA1991C}.Debug|Any CPU.ActiveCfg = Debug|Any CPU
		{E6208480-372C-456B-A026-8FD61FA1991C}.Debug|Any CPU.Build.0 = Debug|Any CPU
		{E6208480-372C-456B-A026-8FD61FA1991C}.Debug|Any CPU.Deploy.0 = Debug|Any CPU
		{E6208480-372C-456B-A026-8FD61FA1991C}.Debug|ARM.ActiveCfg = Debug|Any CPU
		{E6208480-372C-456B-A026-8FD61FA1991C}.Debug|ARM.Build.0 = Debug|Any CPU
		{E6208480-372C-456B-A026-8FD61FA1991C}.Debug|ARM.Deploy.0 = Debug|Any CPU
		{E6208480-372C-456B-A026-8FD61FA1991C}.Debug|iPhone.ActiveCfg = Debug|Any CPU
		{E6208480-372C-456B-A026-8FD61FA1991C}.Debug|iPhone.Build.0 = Debug|Any CPU
		{E6208480-372C-456B-A026-8FD61FA1991C}.Debug|iPhone.Deploy.0 = Debug|Any CPU
		{E6208480-372C-456B-A026-8FD61FA1991C}.Debug|iPhoneSimulator.ActiveCfg = Debug|Any CPU
		{E6208480-372C-456B-A026-8FD61FA1991C}.Debug|iPhoneSimulator.Build.0 = Debug|Any CPU
		{E6208480-372C-456B-A026-8FD61FA1991C}.Debug|iPhoneSimulator.Deploy.0 = Debug|Any CPU
		{E6208480-372C-456B-A026-8FD61FA1991C}.Debug|x64.ActiveCfg = Debug|Any CPU
		{E6208480-372C-456B-A026-8FD61FA1991C}.Debug|x64.Build.0 = Debug|Any CPU
		{E6208480-372C-456B-A026-8FD61FA1991C}.Debug|x64.Deploy.0 = Debug|Any CPU
		{E6208480-372C-456B-A026-8FD61FA1991C}.Debug|x86.ActiveCfg = Debug|Any CPU
		{E6208480-372C-456B-A026-8FD61FA1991C}.Debug|x86.Build.0 = Debug|Any CPU
		{E6208480-372C-456B-A026-8FD61FA1991C}.Debug|x86.Deploy.0 = Debug|Any CPU
		{E6208480-372C-456B-A026-8FD61FA1991C}.Release|Any CPU.ActiveCfg = Release|Any CPU
		{E6208480-372C-456B-A026-8FD61FA1991C}.Release|Any CPU.Build.0 = Release|Any CPU
		{E6208480-372C-456B-A026-8FD61FA1991C}.Release|Any CPU.Deploy.0 = Release|Any CPU
		{E6208480-372C-456B-A026-8FD61FA1991C}.Release|ARM.ActiveCfg = Release|Any CPU
		{E6208480-372C-456B-A026-8FD61FA1991C}.Release|ARM.Build.0 = Release|Any CPU
		{E6208480-372C-456B-A026-8FD61FA1991C}.Release|ARM.Deploy.0 = Release|Any CPU
		{E6208480-372C-456B-A026-8FD61FA1991C}.Release|iPhone.ActiveCfg = Release|Any CPU
		{E6208480-372C-456B-A026-8FD61FA1991C}.Release|iPhone.Build.0 = Release|Any CPU
		{E6208480-372C-456B-A026-8FD61FA1991C}.Release|iPhone.Deploy.0 = Release|Any CPU
		{E6208480-372C-456B-A026-8FD61FA1991C}.Release|iPhoneSimulator.ActiveCfg = Release|Any CPU
		{E6208480-372C-456B-A026-8FD61FA1991C}.Release|iPhoneSimulator.Build.0 = Release|Any CPU
		{E6208480-372C-456B-A026-8FD61FA1991C}.Release|iPhoneSimulator.Deploy.0 = Release|Any CPU
		{E6208480-372C-456B-A026-8FD61FA1991C}.Release|x64.ActiveCfg = Release|Any CPU
		{E6208480-372C-456B-A026-8FD61FA1991C}.Release|x64.Build.0 = Release|Any CPU
		{E6208480-372C-456B-A026-8FD61FA1991C}.Release|x64.Deploy.0 = Release|Any CPU
		{E6208480-372C-456B-A026-8FD61FA1991C}.Release|x86.ActiveCfg = Release|Any CPU
		{E6208480-372C-456B-A026-8FD61FA1991C}.Release|x86.Build.0 = Release|Any CPU
		{E6208480-372C-456B-A026-8FD61FA1991C}.Release|x86.Deploy.0 = Release|Any CPU
		{00BF0E15-7D4D-4691-A685-CCF90C0D7426}.Ad-Hoc|Any CPU.ActiveCfg = Ad-Hoc|iPhone
		{00BF0E15-7D4D-4691-A685-CCF90C0D7426}.Ad-Hoc|ARM.ActiveCfg = Ad-Hoc|iPhone
		{00BF0E15-7D4D-4691-A685-CCF90C0D7426}.Ad-Hoc|iPhone.ActiveCfg = Ad-Hoc|iPhone
		{00BF0E15-7D4D-4691-A685-CCF90C0D7426}.Ad-Hoc|iPhone.Build.0 = Ad-Hoc|iPhone
		{00BF0E15-7D4D-4691-A685-CCF90C0D7426}.Ad-Hoc|iPhoneSimulator.ActiveCfg = Ad-Hoc|iPhoneSimulator
		{00BF0E15-7D4D-4691-A685-CCF90C0D7426}.Ad-Hoc|iPhoneSimulator.Build.0 = Ad-Hoc|iPhoneSimulator
		{00BF0E15-7D4D-4691-A685-CCF90C0D7426}.Ad-Hoc|x64.ActiveCfg = Ad-Hoc|iPhone
		{00BF0E15-7D4D-4691-A685-CCF90C0D7426}.Ad-Hoc|x86.ActiveCfg = Ad-Hoc|iPhone
		{00BF0E15-7D4D-4691-A685-CCF90C0D7426}.AppStore|Any CPU.ActiveCfg = AppStore|iPhone
		{00BF0E15-7D4D-4691-A685-CCF90C0D7426}.AppStore|ARM.ActiveCfg = AppStore|iPhone
		{00BF0E15-7D4D-4691-A685-CCF90C0D7426}.AppStore|iPhone.ActiveCfg = AppStore|iPhone
		{00BF0E15-7D4D-4691-A685-CCF90C0D7426}.AppStore|iPhone.Build.0 = AppStore|iPhone
		{00BF0E15-7D4D-4691-A685-CCF90C0D7426}.AppStore|iPhoneSimulator.ActiveCfg = AppStore|iPhoneSimulator
		{00BF0E15-7D4D-4691-A685-CCF90C0D7426}.AppStore|iPhoneSimulator.Build.0 = AppStore|iPhoneSimulator
		{00BF0E15-7D4D-4691-A685-CCF90C0D7426}.AppStore|x64.ActiveCfg = AppStore|iPhone
		{00BF0E15-7D4D-4691-A685-CCF90C0D7426}.AppStore|x86.ActiveCfg = AppStore|iPhone
		{00BF0E15-7D4D-4691-A685-CCF90C0D7426}.Debug|Any CPU.ActiveCfg = Debug|iPhone
		{00BF0E15-7D4D-4691-A685-CCF90C0D7426}.Debug|ARM.ActiveCfg = Debug|iPhone
		{00BF0E15-7D4D-4691-A685-CCF90C0D7426}.Debug|iPhone.ActiveCfg = Debug|iPhone
		{00BF0E15-7D4D-4691-A685-CCF90C0D7426}.Debug|iPhone.Build.0 = Debug|iPhone
		{00BF0E15-7D4D-4691-A685-CCF90C0D7426}.Debug|iPhoneSimulator.ActiveCfg = Debug|iPhoneSimulator
		{00BF0E15-7D4D-4691-A685-CCF90C0D7426}.Debug|iPhoneSimulator.Build.0 = Debug|iPhoneSimulator
		{00BF0E15-7D4D-4691-A685-CCF90C0D7426}.Debug|x64.ActiveCfg = Debug|iPhone
		{00BF0E15-7D4D-4691-A685-CCF90C0D7426}.Debug|x86.ActiveCfg = Debug|iPhone
		{00BF0E15-7D4D-4691-A685-CCF90C0D7426}.Release|Any CPU.ActiveCfg = Release|iPhone
		{00BF0E15-7D4D-4691-A685-CCF90C0D7426}.Release|ARM.ActiveCfg = Release|iPhone
		{00BF0E15-7D4D-4691-A685-CCF90C0D7426}.Release|iPhone.ActiveCfg = Release|iPhone
		{00BF0E15-7D4D-4691-A685-CCF90C0D7426}.Release|iPhone.Build.0 = Release|iPhone
		{00BF0E15-7D4D-4691-A685-CCF90C0D7426}.Release|iPhoneSimulator.ActiveCfg = Release|iPhoneSimulator
		{00BF0E15-7D4D-4691-A685-CCF90C0D7426}.Release|iPhoneSimulator.Build.0 = Release|iPhoneSimulator
		{00BF0E15-7D4D-4691-A685-CCF90C0D7426}.Release|x64.ActiveCfg = Release|iPhone
		{00BF0E15-7D4D-4691-A685-CCF90C0D7426}.Release|x86.ActiveCfg = Release|iPhone
		{1D13DD00-154C-4DEF-AC71-57F5D57490E8}.Ad-Hoc|Any CPU.ActiveCfg = Release|x86
		{1D13DD00-154C-4DEF-AC71-57F5D57490E8}.Ad-Hoc|Any CPU.Build.0 = Release|x86
		{1D13DD00-154C-4DEF-AC71-57F5D57490E8}.Ad-Hoc|Any CPU.Deploy.0 = Release|x86
		{1D13DD00-154C-4DEF-AC71-57F5D57490E8}.Ad-Hoc|ARM.ActiveCfg = Release|ARM
		{1D13DD00-154C-4DEF-AC71-57F5D57490E8}.Ad-Hoc|ARM.Build.0 = Release|ARM
		{1D13DD00-154C-4DEF-AC71-57F5D57490E8}.Ad-Hoc|ARM.Deploy.0 = Release|ARM
		{1D13DD00-154C-4DEF-AC71-57F5D57490E8}.Ad-Hoc|iPhone.ActiveCfg = Release|x86
		{1D13DD00-154C-4DEF-AC71-57F5D57490E8}.Ad-Hoc|iPhone.Build.0 = Release|x86
		{1D13DD00-154C-4DEF-AC71-57F5D57490E8}.Ad-Hoc|iPhone.Deploy.0 = Release|x86
		{1D13DD00-154C-4DEF-AC71-57F5D57490E8}.Ad-Hoc|iPhoneSimulator.ActiveCfg = Release|x86
		{1D13DD00-154C-4DEF-AC71-57F5D57490E8}.Ad-Hoc|iPhoneSimulator.Build.0 = Release|x86
		{1D13DD00-154C-4DEF-AC71-57F5D57490E8}.Ad-Hoc|iPhoneSimulator.Deploy.0 = Release|x86
		{1D13DD00-154C-4DEF-AC71-57F5D57490E8}.Ad-Hoc|x64.ActiveCfg = Release|x64
		{1D13DD00-154C-4DEF-AC71-57F5D57490E8}.Ad-Hoc|x64.Build.0 = Release|x64
		{1D13DD00-154C-4DEF-AC71-57F5D57490E8}.Ad-Hoc|x64.Deploy.0 = Release|x64
		{1D13DD00-154C-4DEF-AC71-57F5D57490E8}.Ad-Hoc|x86.ActiveCfg = Release|x86
		{1D13DD00-154C-4DEF-AC71-57F5D57490E8}.Ad-Hoc|x86.Build.0 = Release|x86
		{1D13DD00-154C-4DEF-AC71-57F5D57490E8}.Ad-Hoc|x86.Deploy.0 = Release|x86
		{1D13DD00-154C-4DEF-AC71-57F5D57490E8}.AppStore|Any CPU.ActiveCfg = Release|x86
		{1D13DD00-154C-4DEF-AC71-57F5D57490E8}.AppStore|Any CPU.Build.0 = Release|x86
		{1D13DD00-154C-4DEF-AC71-57F5D57490E8}.AppStore|Any CPU.Deploy.0 = Release|x86
		{1D13DD00-154C-4DEF-AC71-57F5D57490E8}.AppStore|ARM.ActiveCfg = Release|ARM
		{1D13DD00-154C-4DEF-AC71-57F5D57490E8}.AppStore|ARM.Build.0 = Release|ARM
		{1D13DD00-154C-4DEF-AC71-57F5D57490E8}.AppStore|ARM.Deploy.0 = Release|ARM
		{1D13DD00-154C-4DEF-AC71-57F5D57490E8}.AppStore|iPhone.ActiveCfg = Release|x86
		{1D13DD00-154C-4DEF-AC71-57F5D57490E8}.AppStore|iPhone.Build.0 = Release|x86
		{1D13DD00-154C-4DEF-AC71-57F5D57490E8}.AppStore|iPhone.Deploy.0 = Release|x86
		{1D13DD00-154C-4DEF-AC71-57F5D57490E8}.AppStore|iPhoneSimulator.ActiveCfg = Release|x86
		{1D13DD00-154C-4DEF-AC71-57F5D57490E8}.AppStore|iPhoneSimulator.Build.0 = Release|x86
		{1D13DD00-154C-4DEF-AC71-57F5D57490E8}.AppStore|iPhoneSimulator.Deploy.0 = Release|x86
		{1D13DD00-154C-4DEF-AC71-57F5D57490E8}.AppStore|x64.ActiveCfg = Release|x64
		{1D13DD00-154C-4DEF-AC71-57F5D57490E8}.AppStore|x64.Build.0 = Release|x64
		{1D13DD00-154C-4DEF-AC71-57F5D57490E8}.AppStore|x64.Deploy.0 = Release|x64
		{1D13DD00-154C-4DEF-AC71-57F5D57490E8}.AppStore|x86.ActiveCfg = Release|x86
		{1D13DD00-154C-4DEF-AC71-57F5D57490E8}.AppStore|x86.Build.0 = Release|x86
		{1D13DD00-154C-4DEF-AC71-57F5D57490E8}.AppStore|x86.Deploy.0 = Release|x86
		{1D13DD00-154C-4DEF-AC71-57F5D57490E8}.Debug|Any CPU.ActiveCfg = Debug|x86
		{1D13DD00-154C-4DEF-AC71-57F5D57490E8}.Debug|ARM.ActiveCfg = Debug|ARM
		{1D13DD00-154C-4DEF-AC71-57F5D57490E8}.Debug|ARM.Build.0 = Debug|ARM
		{1D13DD00-154C-4DEF-AC71-57F5D57490E8}.Debug|ARM.Deploy.0 = Debug|ARM
		{1D13DD00-154C-4DEF-AC71-57F5D57490E8}.Debug|iPhone.ActiveCfg = Debug|x86
		{1D13DD00-154C-4DEF-AC71-57F5D57490E8}.Debug|iPhoneSimulator.ActiveCfg = Debug|x86
		{1D13DD00-154C-4DEF-AC71-57F5D57490E8}.Debug|x64.ActiveCfg = Debug|x64
		{1D13DD00-154C-4DEF-AC71-57F5D57490E8}.Debug|x64.Build.0 = Debug|x64
		{1D13DD00-154C-4DEF-AC71-57F5D57490E8}.Debug|x64.Deploy.0 = Debug|x64
		{1D13DD00-154C-4DEF-AC71-57F5D57490E8}.Debug|x86.ActiveCfg = Debug|x86
		{1D13DD00-154C-4DEF-AC71-57F5D57490E8}.Debug|x86.Build.0 = Debug|x86
		{1D13DD00-154C-4DEF-AC71-57F5D57490E8}.Debug|x86.Deploy.0 = Debug|x86
		{1D13DD00-154C-4DEF-AC71-57F5D57490E8}.Release|Any CPU.ActiveCfg = Release|x86
		{1D13DD00-154C-4DEF-AC71-57F5D57490E8}.Release|ARM.ActiveCfg = Release|ARM
		{1D13DD00-154C-4DEF-AC71-57F5D57490E8}.Release|ARM.Build.0 = Release|ARM
		{1D13DD00-154C-4DEF-AC71-57F5D57490E8}.Release|ARM.Deploy.0 = Release|ARM
		{1D13DD00-154C-4DEF-AC71-57F5D57490E8}.Release|iPhone.ActiveCfg = Release|x86
		{1D13DD00-154C-4DEF-AC71-57F5D57490E8}.Release|iPhoneSimulator.ActiveCfg = Release|x86
		{1D13DD00-154C-4DEF-AC71-57F5D57490E8}.Release|x64.ActiveCfg = Release|x64
		{1D13DD00-154C-4DEF-AC71-57F5D57490E8}.Release|x64.Build.0 = Release|x64
		{1D13DD00-154C-4DEF-AC71-57F5D57490E8}.Release|x64.Deploy.0 = Release|x64
		{1D13DD00-154C-4DEF-AC71-57F5D57490E8}.Release|x86.ActiveCfg = Release|x86
		{1D13DD00-154C-4DEF-AC71-57F5D57490E8}.Release|x86.Build.0 = Release|x86
		{1D13DD00-154C-4DEF-AC71-57F5D57490E8}.Release|x86.Deploy.0 = Release|x86
		{34B33984-19FA-4A84-B554-3FBAD1938BDE}.Ad-Hoc|Any CPU.ActiveCfg = Debug|Any CPU
		{34B33984-19FA-4A84-B554-3FBAD1938BDE}.Ad-Hoc|Any CPU.Build.0 = Debug|Any CPU
		{34B33984-19FA-4A84-B554-3FBAD1938BDE}.Ad-Hoc|ARM.ActiveCfg = Debug|Any CPU
		{34B33984-19FA-4A84-B554-3FBAD1938BDE}.Ad-Hoc|ARM.Build.0 = Debug|Any CPU
		{34B33984-19FA-4A84-B554-3FBAD1938BDE}.Ad-Hoc|iPhone.ActiveCfg = Debug|Any CPU
		{34B33984-19FA-4A84-B554-3FBAD1938BDE}.Ad-Hoc|iPhone.Build.0 = Debug|Any CPU
		{34B33984-19FA-4A84-B554-3FBAD1938BDE}.Ad-Hoc|iPhoneSimulator.ActiveCfg = Debug|Any CPU
		{34B33984-19FA-4A84-B554-3FBAD1938BDE}.Ad-Hoc|iPhoneSimulator.Build.0 = Debug|Any CPU
		{34B33984-19FA-4A84-B554-3FBAD1938BDE}.Ad-Hoc|x64.ActiveCfg = Debug|Any CPU
		{34B33984-19FA-4A84-B554-3FBAD1938BDE}.Ad-Hoc|x64.Build.0 = Debug|Any CPU
		{34B33984-19FA-4A84-B554-3FBAD1938BDE}.Ad-Hoc|x86.ActiveCfg = Debug|Any CPU
		{34B33984-19FA-4A84-B554-3FBAD1938BDE}.Ad-Hoc|x86.Build.0 = Debug|Any CPU
		{34B33984-19FA-4A84-B554-3FBAD1938BDE}.AppStore|Any CPU.ActiveCfg = Debug|Any CPU
		{34B33984-19FA-4A84-B554-3FBAD1938BDE}.AppStore|Any CPU.Build.0 = Debug|Any CPU
		{34B33984-19FA-4A84-B554-3FBAD1938BDE}.AppStore|ARM.ActiveCfg = Debug|Any CPU
		{34B33984-19FA-4A84-B554-3FBAD1938BDE}.AppStore|ARM.Build.0 = Debug|Any CPU
		{34B33984-19FA-4A84-B554-3FBAD1938BDE}.AppStore|iPhone.ActiveCfg = Debug|Any CPU
		{34B33984-19FA-4A84-B554-3FBAD1938BDE}.AppStore|iPhone.Build.0 = Debug|Any CPU
		{34B33984-19FA-4A84-B554-3FBAD1938BDE}.AppStore|iPhoneSimulator.ActiveCfg = Debug|Any CPU
		{34B33984-19FA-4A84-B554-3FBAD1938BDE}.AppStore|iPhoneSimulator.Build.0 = Debug|Any CPU
		{34B33984-19FA-4A84-B554-3FBAD1938BDE}.AppStore|x64.ActiveCfg = Debug|Any CPU
		{34B33984-19FA-4A84-B554-3FBAD1938BDE}.AppStore|x64.Build.0 = Debug|Any CPU
		{34B33984-19FA-4A84-B554-3FBAD1938BDE}.AppStore|x86.ActiveCfg = Debug|Any CPU
		{34B33984-19FA-4A84-B554-3FBAD1938BDE}.AppStore|x86.Build.0 = Debug|Any CPU
		{34B33984-19FA-4A84-B554-3FBAD1938BDE}.Debug|Any CPU.ActiveCfg = Debug|Any CPU
		{34B33984-19FA-4A84-B554-3FBAD1938BDE}.Debug|Any CPU.Build.0 = Debug|Any CPU
		{34B33984-19FA-4A84-B554-3FBAD1938BDE}.Debug|ARM.ActiveCfg = Debug|Any CPU
		{34B33984-19FA-4A84-B554-3FBAD1938BDE}.Debug|ARM.Build.0 = Debug|Any CPU
		{34B33984-19FA-4A84-B554-3FBAD1938BDE}.Debug|iPhone.ActiveCfg = Debug|Any CPU
		{34B33984-19FA-4A84-B554-3FBAD1938BDE}.Debug|iPhone.Build.0 = Debug|Any CPU
		{34B33984-19FA-4A84-B554-3FBAD1938BDE}.Debug|iPhoneSimulator.ActiveCfg = Debug|Any CPU
		{34B33984-19FA-4A84-B554-3FBAD1938BDE}.Debug|iPhoneSimulator.Build.0 = Debug|Any CPU
		{34B33984-19FA-4A84-B554-3FBAD1938BDE}.Debug|x64.ActiveCfg = Debug|Any CPU
		{34B33984-19FA-4A84-B554-3FBAD1938BDE}.Debug|x64.Build.0 = Debug|Any CPU
		{34B33984-19FA-4A84-B554-3FBAD1938BDE}.Debug|x86.ActiveCfg = Debug|Any CPU
		{34B33984-19FA-4A84-B554-3FBAD1938BDE}.Debug|x86.Build.0 = Debug|Any CPU
		{34B33984-19FA-4A84-B554-3FBAD1938BDE}.Release|Any CPU.ActiveCfg = Release|Any CPU
		{34B33984-19FA-4A84-B554-3FBAD1938BDE}.Release|Any CPU.Build.0 = Release|Any CPU
		{34B33984-19FA-4A84-B554-3FBAD1938BDE}.Release|ARM.ActiveCfg = Release|Any CPU
		{34B33984-19FA-4A84-B554-3FBAD1938BDE}.Release|ARM.Build.0 = Release|Any CPU
		{34B33984-19FA-4A84-B554-3FBAD1938BDE}.Release|iPhone.ActiveCfg = Release|Any CPU
		{34B33984-19FA-4A84-B554-3FBAD1938BDE}.Release|iPhone.Build.0 = Release|Any CPU
		{34B33984-19FA-4A84-B554-3FBAD1938BDE}.Release|iPhoneSimulator.ActiveCfg = Release|Any CPU
		{34B33984-19FA-4A84-B554-3FBAD1938BDE}.Release|iPhoneSimulator.Build.0 = Release|Any CPU
		{34B33984-19FA-4A84-B554-3FBAD1938BDE}.Release|x64.ActiveCfg = Release|Any CPU
		{34B33984-19FA-4A84-B554-3FBAD1938BDE}.Release|x64.Build.0 = Release|Any CPU
		{34B33984-19FA-4A84-B554-3FBAD1938BDE}.Release|x86.ActiveCfg = Release|Any CPU
		{34B33984-19FA-4A84-B554-3FBAD1938BDE}.Release|x86.Build.0 = Release|Any CPU
	EndGlobalSection
	GlobalSection(SolutionProperties) = preSolution
		HideSolutionNode = FALSE
	EndGlobalSection
	GlobalSection(ExtensibilityGlobals) = postSolution
		SolutionGuid = {1104BC41-A23A-4CE5-BCEE-33915C22DF24}
	EndGlobalSection
EndGlobal
